
Microsoft Visual Studio Solution File, Format Version 12.00
# Visual Studio 14
VisualStudioVersion = 14.0.25420.1
MinimumVisualStudioVersion = 10.0.40219.1
Project("{FAE04EC0-301F-11D3-BF4B-00C04F79EFBC}") = "Anagram", "Anagram\Anagram.csproj", "{50247D86-6A43-445C-A7C5-3650D320E8B7}"
EndProject
Project("{FAE04EC0-301F-11D3-BF4B-00C04F79EFBC}") = "LINQ", "LINQ\LINQ.csproj", "{C5510F89-826B-4852-88DA-D231ED128E4F}"
EndProject
Project("{FAE04EC0-301F-11D3-BF4B-00C04F79EFBC}") = "Generic", "Generic\Generic.csproj", "{B621CB52-6F8E-4CF8-A5E4-DCA8A6E37FBE}"
EndProject
Global
	GlobalSection(SolutionConfigurationPlatforms) = preSolution
		Debug|Any CPU = Debug|Any CPU
		Release|Any CPU = Release|Any CPU
	EndGlobalSection
	GlobalSection(ProjectConfigurationPlatforms) = postSolution
		{50247D86-6A43-445C-A7C5-3650D320E8B7}.Debug|Any CPU.ActiveCfg = Debug|Any CPU
		{50247D86-6A43-445C-A7C5-3650D320E8B7}.Debug|Any CPU.Build.0 = Debug|Any CPU
		{50247D86-6A43-445C-A7C5-3650D320E8B7}.Release|Any CPU.ActiveCfg = Release|Any CPU
		{50247D86-6A43-445C-A7C5-3650D320E8B7}.Release|Any CPU.Build.0 = Release|Any CPU
		{C5510F89-826B-4852-88DA-D231ED128E4F}.Debug|Any CPU.ActiveCfg = Debug|Any CPU
		{C5510F89-826B-4852-88DA-D231ED128E4F}.Debug|Any CPU.Build.0 = Debug|Any CPU
		{C5510F89-826B-4852-88DA-D231ED128E4F}.Release|Any CPU.ActiveCfg = Release|Any CPU
		{C5510F89-826B-4852-88DA-D231ED128E4F}.Release|Any CPU.Build.0 = Release|Any CPU
		{B621CB52-6F8E-4CF8-A5E4-DCA8A6E37FBE}.Debug|Any CPU.ActiveCfg = Debug|Any CPU
		{B621CB52-6F8E-4CF8-A5E4-DCA8A6E37FBE}.Debug|Any CPU.Build.0 = Debug|Any CPU
		{B621CB52-6F8E-4CF8-A5E4-DCA8A6E37FBE}.Release|Any CPU.ActiveCfg = Release|Any CPU
		{B621CB52-6F8E-4CF8-A5E4-DCA8A6E37FBE}.Release|Any CPU.Build.0 = Release|Any CPU
	EndGlobalSection
	GlobalSection(SolutionProperties) = preSolution
		HideSolutionNode = FALSE
	EndGlobalSection
EndGlobal
